# This file is autogenerated, do not edit; changes may be undone by the next 'dep ensure'.


[[projects]]
  name = "github.com/Sirupsen/logrus"
  packages = ["."]
  revision = "081307d9bc1364753142d5962fc1d795c742baaf"

[[projects]]
  name = "github.com/golang/protobuf"
  packages = ["proto"]
  revision = "b4deda0973fb4c70b50d226b1af49f3da59f5265"
  version = "v1.1.0"

[[projects]]
  name = "github.com/google/go-github"
  packages = ["github"]
  revision = "f8cebc8ad645ff0e5df4ffc1059f644c3cb99b1c"

[[projects]]
  name = "github.com/google/go-querystring"
  packages = ["query"]
  revision = "30f7a39f4a218feb5325f3aebc60c32a572a8274"

[[projects]]
  name = "github.com/gorilla/context"
  packages = ["."]
  revision = "1ea25387ff6f684839d82767c1733ff4d4d15d0a"
  version = "v1.1"

[[projects]]
  name = "github.com/gorilla/handlers"
  packages = ["."]
  revision = "66e6c6f01d8da976ee113437745ca029c2b585a6"

[[projects]]
  name = "github.com/sqs/mux"
  packages = ["."]
  revision = "0eeaf8392f5b04950925b8a69fe70f110fa7cbfc"
  version = "v1.1"

[[projects]]
  name = "github.com/stripe/stripe-go"
  packages = [
    ".",
    "card",
    "customer",
    "orderitem",
    "plan",
    "sub"
  ]
  revision = "afb0a7e2d332a42339fecda82c73e6cb189f91f6"
  version = "v13.8.0"

[[projects]]
  name = "golang.org/x/net"
  packages = ["context"]
  revision = "fb93926129b8ec0056f2f458b1f519654814edf0"

[[projects]]
  name = "golang.org/x/oauth2"
  packages = [
    ".",
    "internal"
  ]
  revision = "7e9cd5d59563851383f8f81a7fbb01213709387c"

[[projects]]
  name = "golang.org/x/sys"
  packages = ["unix"]
  revision = "f64b50fbea64174967a8882830d621a18ee1548e"

[[projects]]
  name = "google.golang.org/appengine"
  packages = [
    "internal",
    "internal/base",
    "internal/datastore",
    "internal/log",
    "internal/remote_api",
    "internal/urlfetch",
    "urlfetch"
  ]
  revision = "b1f26356af11148e710935ed1ac8a7f5702c7612"
  version = "v1.1.0"

[solve-meta]
  analyzer-name = "dep"
  analyzer-version = 1
  inputs-digest = "0a56da5aca83e30b09583ddfb61be3f4e4c44f6131a4e0d913a1172dec4f8be3"
  solver-name = "gps-cdcl"
  solver-version = 1
